// !$*UTF8*$!
{
	archiveVersion = 1;
	classes = {
	};
	objectVersion = 50;
	objects = {

/* Begin PBXBuildFile section */
		1973EC8622F76F1500B3F97D /* AppDelegate.swift in Sources */ = {isa = PBXBuildFile; fileRef = 1973EC8522F76F1500B3F97D /* AppDelegate.swift */; };
		1973EC8D22F76F1800B3F97D /* Assets.xcassets in Resources */ = {isa = PBXBuildFile; fileRef = 1973EC8C22F76F1800B3F97D /* Assets.xcassets */; };
		1973EC9022F76F1800B3F97D /* LaunchScreen.storyboard in Resources */ = {isa = PBXBuildFile; fileRef = 1973EC8E22F76F1800B3F97D /* LaunchScreen.storyboard */; };
		1973EC9A22F7704700B3F97D /* User.swift in Sources */ = {isa = PBXBuildFile; fileRef = 1973EC9922F7704700B3F97D /* User.swift */; };
		1973EC9C22F770B600B3F97D /* LoginVC.swift in Sources */ = {isa = PBXBuildFile; fileRef = 1973EC9B22F770B600B3F97D /* LoginVC.swift */; };
		1973EC9F22F7774300B3F97D /* ColorExtensions.swift in Sources */ = {isa = PBXBuildFile; fileRef = 1973EC9E22F7774300B3F97D /* ColorExtensions.swift */; };
		1973ECA122F8C00900B3F97D /* UIViewExtensions.swift in Sources */ = {isa = PBXBuildFile; fileRef = 1973ECA022F8C00900B3F97D /* UIViewExtensions.swift */; };
		1973ECA322F8C1EC00B3F97D /* SignUpVC.swift in Sources */ = {isa = PBXBuildFile; fileRef = 1973ECA222F8C1EC00B3F97D /* SignUpVC.swift */; };
		AD0B1662C7420EACA2476572 /* Pods_realtimechat.framework in Frameworks */ = {isa = PBXBuildFile; fileRef = D2C60267F24C19B6790CCBAC /* Pods_realtimechat.framework */; };
/* End PBXBuildFile section */

/* Begin PBXFileReference section */
		1973EC8222F76F1500B3F97D /* realtimechat.app */ = {isa = PBXFileReference; explicitFileType = wrapper.application; includeInIndex = 0; path = realtimechat.app; sourceTree = BUILT_PRODUCTS_DIR; };
		1973EC8522F76F1500B3F97D /* AppDelegate.swift */ = {isa = PBXFileReference; lastKnownFileType = sourcecode.swift; path = AppDelegate.swift; sourceTree = "<group>"; };
		1973EC8C22F76F1800B3F97D /* Assets.xcassets */ = {isa = PBXFileReference; lastKnownFileType = folder.assetcatalog; path = Assets.xcassets; sourceTree = "<group>"; };
		1973EC8F22F76F1800B3F97D /* Base */ = {isa = PBXFileReference; lastKnownFileType = file.storyboard; name = Base; path = Base.lproj/LaunchScreen.storyboard; sourceTree = "<group>"; };
		1973EC9122F76F1800B3F97D /* Info.plist */ = {isa = PBXFileReference; lastKnownFileType = text.plist.xml; path = Info.plist; sourceTree = "<group>"; };
		1973EC9922F7704700B3F97D /* User.swift */ = {isa = PBXFileReference; lastKnownFileType = sourcecode.swift; path = User.swift; sourceTree = "<group>"; };
		1973EC9B22F770B600B3F97D /* LoginVC.swift */ = {isa = PBXFileReference; lastKnownFileType = sourcecode.swift; path = LoginVC.swift; sourceTree = "<group>"; };
		1973EC9E22F7774300B3F97D /* ColorExtensions.swift */ = {isa = PBXFileReference; lastKnownFileType = sourcecode.swift; path = ColorExtensions.swift; sourceTree = "<group>"; };
		1973ECA022F8C00900B3F97D /* UIViewExtensions.swift */ = {isa = PBXFileReference; lastKnownFileType = sourcecode.swift; path = UIViewExtensions.swift; sourceTree = "<group>"; };
		1973ECA222F8C1EC00B3F97D /* SignUpVC.swift */ = {isa = PBXFileReference; lastKnownFileType = sourcecode.swift; path = SignUpVC.swift; sourceTree = "<group>"; };
		863CF46DC1B8025ACDAE70D4 /* Pods-realtimechat.release.xcconfig */ = {isa = PBXFileReference; includeInIndex = 1; lastKnownFileType = text.xcconfig; name = "Pods-realtimechat.release.xcconfig"; path = "Target Support Files/Pods-realtimechat/Pods-realtimechat.release.xcconfig"; sourceTree = "<group>"; };
		D2C60267F24C19B6790CCBAC /* Pods_realtimechat.framework */ = {isa = PBXFileReference; explicitFileType = wrapper.framework; includeInIndex = 0; path = Pods_realtimechat.framework; sourceTree = BUILT_PRODUCTS_DIR; };
		F58C995D1B8FC6566B011D7F /* Pods-realtimechat.debug.xcconfig */ = {isa = PBXFileReference; includeInIndex = 1; lastKnownFileType = text.xcconfig; name = "Pods-realtimechat.debug.xcconfig"; path = "Target Support Files/Pods-realtimechat/Pods-realtimechat.debug.xcconfig"; sourceTree = "<group>"; };
/* End PBXFileReference section */

/* Begin PBXFrameworksBuildPhase section */
		1973EC7F22F76F1500B3F97D /* Frameworks */ = {
			isa = PBXFrameworksBuildPhase;
			buildActionMask = 2147483647;
			files = (
				AD0B1662C7420EACA2476572 /* Pods_realtimechat.framework in Frameworks */,
			);
			runOnlyForDeploymentPostprocessing = 0;
		};
/* End PBXFrameworksBuildPhase section */

/* Begin PBXGroup section */
		1973EC7922F76F1500B3F97D = {
			isa = PBXGroup;
			children = (
				1973EC8422F76F1500B3F97D /* realtimechat */,
				1973EC8322F76F1500B3F97D /* Products */,
				1C280A8F60727878D91BC667 /* Pods */,
				1A06AF1BA97924194DBCA068 /* Frameworks */,
			);
			sourceTree = "<group>";
		};
		1973EC8322F76F1500B3F97D /* Products */ = {
			isa = PBXGroup;
			children = (
				1973EC8222F76F1500B3F97D /* realtimechat.app */,
			);
			name = Products;
			sourceTree = "<group>";
		};
		1973EC8422F76F1500B3F97D /* realtimechat */ = {
			isa = PBXGroup;
			children = (
				1973EC9D22F7771200B3F97D /* Extensions */,
				1973EC9822F7701900B3F97D /* ViewControllers */,
				1973EC9722F7700900B3F97D /* Models */,
				1973EC8522F76F1500B3F97D /* AppDelegate.swift */,
				1973EC8C22F76F1800B3F97D /* Assets.xcassets */,
				1973EC8E22F76F1800B3F97D /* LaunchScreen.storyboard */,
				1973EC9122F76F1800B3F97D /* Info.plist */,
			);
			path = realtimechat;
			sourceTree = "<group>";
		};
		1973EC9722F7700900B3F97D /* Models */ = {
			isa = PBXGroup;
			children = (
				1973EC9922F7704700B3F97D /* User.swift */,
			);
			path = Models;
			sourceTree = "<group>";
		};
		1973EC9822F7701900B3F97D /* ViewControllers */ = {
			isa = PBXGroup;
			children = (
				1973EC9B22F770B600B3F97D /* LoginVC.swift */,
				1973ECA222F8C1EC00B3F97D /* SignUpVC.swift */,
			);
			path = ViewControllers;
			sourceTree = "<group>";
		};
		1973EC9D22F7771200B3F97D /* Extensions */ = {
			isa = PBXGroup;
			children = (
				1973EC9E22F7774300B3F97D /* ColorExtensions.swift */,
				1973ECA022F8C00900B3F97D /* UIViewExtensions.swift */,
			);
			path = Extensions;
			sourceTree = "<group>";
		};
		1A06AF1BA97924194DBCA068 /* Frameworks */ = {
			isa = PBXGroup;
			children = (
				D2C60267F24C19B6790CCBAC /* Pods_realtimechat.framework */,
			);
			name = Frameworks;
			sourceTree = "<group>";
		};
		1C280A8F60727878D91BC667 /* Pods */ = {
			isa = PBXGroup;
			children = (
				F58C995D1B8FC6566B011D7F /* Pods-realtimechat.debug.xcconfig */,
				863CF46DC1B8025ACDAE70D4 /* Pods-realtimechat.release.xcconfig */,
			);
			path = Pods;
			sourceTree = "<group>";
		};
/* End PBXGroup section */

/* Begin PBXNativeTarget section */
		1973EC8122F76F1500B3F97D /* realtimechat */ = {
			isa = PBXNativeTarget;
			buildConfigurationList = 1973EC9422F76F1800B3F97D /* Build configuration list for PBXNativeTarget "realtimechat" */;
			buildPhases = (
				4F0D1117C47244AB3F9DF7AE /* [CP] Check Pods Manifest.lock */,
				1973EC7E22F76F1500B3F97D /* Sources */,
				1973EC7F22F76F1500B3F97D /* Frameworks */,
				1973EC8022F76F1500B3F97D /* Resources */,
				2049AF2CF4007A64C1A8E5FD /* [CP] Embed Pods Frameworks */,
			);
			buildRules = (
			);
			dependencies = (
			);
			name = realtimechat;
			productName = realtimechat;
			productReference = 1973EC8222F76F1500B3F97D /* realtimechat.app */;
			productType = "com.apple.product-type.application";
		};
/* End PBXNativeTarget section */

/* Begin PBXProject section */
		1973EC7A22F76F1500B3F97D /* Project object */ = {
			isa = PBXProject;
			attributes = {
				LastSwiftUpdateCheck = 1030;
				LastUpgradeCheck = 1030;
				ORGANIZATIONNAME = nidhin;
				TargetAttributes = {
					1973EC8122F76F1500B3F97D = {
						CreatedOnToolsVersion = 10.3;
					};
				};
			};
			buildConfigurationList = 1973EC7D22F76F1500B3F97D /* Build configuration list for PBXProject "realtimechat" */;
			compatibilityVersion = "Xcode 9.3";
			developmentRegion = en;
			hasScannedForEncodings = 0;
			knownRegions = (
				en,
				Base,
			);
			mainGroup = 1973EC7922F76F1500B3F97D;
			productRefGroup = 1973EC8322F76F1500B3F97D /* Products */;
			projectDirPath = "";
			projectRoot = "";
			targets = (
				1973EC8122F76F1500B3F97D /* realtimechat */,
			);
		};
/* End PBXProject section */

/* Begin PBXResourcesBuildPhase section */
		1973EC8022F76F1500B3F97D /* Resources */ = {
			isa = PBXResourcesBuildPhase;
			buildActionMask = 2147483647;
			files = (
				1973EC9022F76F1800B3F97D /* LaunchScreen.storyboard in Resources */,
				1973EC8D22F76F1800B3F97D /* Assets.xcassets in Resources */,
			);
			runOnlyForDeploymentPostprocessing = 0;
		};
/* End PBXResourcesBuildPhase section */

/* Begin PBXShellScriptBuildPhase section */
		2049AF2CF4007A64C1A8E5FD /* [CP] Embed Pods Frameworks */ = {
			isa = PBXShellScriptBuildPhase;
			buildActionMask = 2147483647;
			files = (
			);
			inputFileListPaths = (
			);
			inputPaths = (
				"${PODS_ROOT}/Target Support Files/Pods-realtimechat/Pods-realtimechat-frameworks.sh",
				"${BUILT_PRODUCTS_DIR}/Alamofire/Alamofire.framework",
				"${BUILT_PRODUCTS_DIR}/InputBarAccessoryView/InputBarAccessoryView.framework",
				"${BUILT_PRODUCTS_DIR}/MessageKit/MessageKit.framework",
				"${BUILT_PRODUCTS_DIR}/Starscream/Starscream.framework",
			);
			name = "[CP] Embed Pods Frameworks";
			outputFileListPaths = (
			);
			outputPaths = (
				"${TARGET_BUILD_DIR}/${FRAMEWORKS_FOLDER_PATH}/Alamofire.framework",
				"${TARGET_BUILD_DIR}/${FRAMEWORKS_FOLDER_PATH}/InputBarAccessoryView.framework",
				"${TARGET_BUILD_DIR}/${FRAMEWORKS_FOLDER_PATH}/MessageKit.framework",
				"${TARGET_BUILD_DIR}/${FRAMEWORKS_FOLDER_PATH}/Starscream.framework",
			);
			runOnlyForDeploymentPostprocessing = 0;
			shellPath = /bin/sh;
			shellScript = "\"${PODS_ROOT}/Target Support Files/Pods-realtimechat/Pods-realtimechat-frameworks.sh\"\n";
			showEnvVarsInLog = 0;
		};
		4F0D1117C47244AB3F9DF7AE /* [CP] Check Pods Manifest.lock */ = {
			isa = PBXShellScriptBuildPhase;
			buildActionMask = 2147483647;
			files = (
			);
			inputFileListPaths = (
			);
			inputPaths = (
				"${PODS_PODFILE_DIR_PATH}/Podfile.lock",
				"${PODS_ROOT}/Manifest.lock",
			);
			name = "[CP] Check Pods Manifest.lock";
			outputFileListPaths = (
			);
			outputPaths = (
				"$(DERIVED_FILE_DIR)/Pods-realtimechat-checkManifestLockResult.txt",
			);
			runOnlyForDeploymentPostprocessing = 0;
			shellPath = /bin/sh;
			shellScript = "diff \"${PODS_PODFILE_DIR_PATH}/Podfile.lock\" \"${PODS_ROOT}/Manifest.lock\" > /dev/null\nif [ $? != 0 ] ; then\n    # print error to STDERR\n    echo \"error: The sandbox is not in sync with the Podfile.lock. Run 'pod install' or update your CocoaPods installation.\" >&2\n    exit 1\nfi\n# This output is used by Xcode 'outputs' to avoid re-running this script phase.\necho \"SUCCESS\" > \"${SCRIPT_OUTPUT_FILE_0}\"\n";
			showEnvVarsInLog = 0;
		};
/* End PBXShellScriptBuildPhase section */

/* Begin PBXSourcesBuildPhase section */
		1973EC7E22F76F1500B3F97D /* Sources */ = {
			isa = PBXSourcesBuildPhase;
			buildActionMask = 2147483647;
			files = (
				1973EC9F22F7774300B3F97D /* ColorExtensions.swift in Sources */,
				1973ECA122F8C00900B3F97D /* UIViewExtensions.swift in Sources */,
				1973EC8622F76F1500B3F97D /* AppDelegate.swift in Sources */,
				1973EC9C22F770B600B3F97D /* LoginVC.swift in Sources */,
				1973ECA322F8C1EC00B3F97D /* SignUpVC.swift in Sources */,
				1973EC9A22F7704700B3F97D /* User.swift in Sources */,
			);
			runOnlyForDeploymentPostprocessing = 0;
		};
/* End PBXSourcesBuildPhase section */

/* Begin PBXVariantGroup section */
		1973EC8E22F76F1800B3F97D /* LaunchScreen.storyboard */ = {
			isa = PBXVariantGroup;
			children = (
				1973EC8F22F76F1800B3F97D /* Base */,
			);
			name = LaunchScreen.storyboard;
			sourceTree = "<group>";
		};
/* End PBXVariantGroup section */

/* Begin XCBuildConfiguration section */
		1973EC9222F76F1800B3F97D /* Debug */ = {
			isa = XCBuildConfiguration;
			buildSettings = {
				ALWAYS_SEARCH_USER_PATHS = NO;
				CLANG_ANALYZER_NONNULL = YES;
				CLANG_ANALYZER_NUMBER_OBJECT_CONVERSION = YES_AGGRESSIVE;
				CLANG_CXX_LANGUAGE_STANDARD = "gnu++14";
				CLANG_CXX_LIBRARY = "libc++";
				CLANG_ENABLE_MODULES = YES;
				CLANG_ENABLE_OBJC_ARC = YES;
				CLANG_ENABLE_OBJC_WEAK = YES;
				CLANG_WARN_BLOCK_CAPTURE_AUTORELEASING = YES;
				CLANG_WARN_BOOL_CONVERSION = YES;
				CLANG_WARN_COMMA = YES;
				CLANG_WARN_CONSTANT_CONVERSION = YES;
				CLANG_WARN_DEPRECATED_OBJC_IMPLEMENTATIONS = YES;
				CLANG_WARN_DIRECT_OBJC_ISA_USAGE = YES_ERROR;
				CLANG_WARN_DOCUMENTATION_COMMENTS = YES;
				CLANG_WARN_EMPTY_BODY = YES;
				CLANG_WARN_ENUM_CONVERSION = YES;
				CLANG_WARN_INFINITE_RECURSION = YES;
				CLANG_WARN_INT_CONVERSION = YES;
				CLANG_WARN_NON_LITERAL_NULL_CONVERSION = YES;
				CLANG_WARN_OBJC_IMPLICIT_RETAIN_SELF = YES;
				CLANG_WARN_OBJC_LITERAL_CONVERSION = YES;
				CLANG_WARN_OBJC_ROOT_CLASS = YES_ERROR;
				CLANG_WARN_RANGE_LOOP_ANALYSIS = YES;
				CLANG_WARN_STRICT_PROTOTYPES = YES;
				CLANG_WARN_SUSPICIOUS_MOVE = YES;
				CLANG_WARN_UNGUARDED_AVAILABILITY = YES_AGGRESSIVE;
				CLANG_WARN_UNREACHABLE_CODE = YES;
				CLANG_WARN__DUPLICATE_METHOD_MATCH = YES;
				CODE_SIGN_IDENTITY = "iPhone Developer";
				COPY_PHASE_STRIP = NO;
				DEBUG_INFORMATION_FORMAT = dwarf;
				ENABLE_STRICT_OBJC_MSGSEND = YES;
				ENABLE_TESTABILITY = YES;
				GCC_C_LANGUAGE_STANDARD = gnu11;
				GCC_DYNAMIC_NO_PIC = NO;
				GCC_NO_COMMON_BLOCKS = YES;
				GCC_OPTIMIZATION_LEVEL = 0;
				GCC_PREPROCESSOR_DEFINITIONS = (
					"DEBUG=1",
					"$(inherited)",
				);
				GCC_WARN_64_TO_32_BIT_CONVERSION = YES;
				GCC_WARN_ABOUT_RETURN_TYPE = YES_ERROR;
				GCC_WARN_UNDECLARED_SELECTOR = YES;
				GCC_WARN_UNINITIALIZED_AUTOS = YES_AGGRESSIVE;
				GCC_WARN_UNUSED_FUNCTION = YES;
				GCC_WARN_UNUSED_VARIABLE = YES;
				IPHONEOS_DEPLOYMENT_TARGET = 12.4;
				MTL_ENABLE_DEBUG_INFO = INCLUDE_SOURCE;
				MTL_FAST_MATH = YES;
				ONLY_ACTIVE_ARCH = YES;
				SDKROOT = iphoneos;
				SWIFT_ACTIVE_COMPILATION_CONDITIONS = DEBUG;
				SWIFT_OPTIMIZATION_LEVEL = "-Onone";
			};
			name = Debug;
		};
		1973EC9322F76F1800B3F97D /* Release */ = {
			isa = XCBuildConfiguration;
			buildSettings = {
				ALWAYS_SEARCH_USER_PATHS = NO;
				CLANG_ANALYZER_NONNULL = YES;
				CLANG_ANALYZER_NUMBER_OBJECT_CONVERSION = YES_AGGRESSIVE;
				CLANG_CXX_LANGUAGE_STANDARD = "gnu++14";
				CLANG_CXX_LIBRARY = "libc++";
				CLANG_ENABLE_MODULES = YES;
				CLANG_ENABLE_OBJC_ARC = YES;
				CLANG_ENABLE_OBJC_WEAK = YES;
				CLANG_WARN_BLOCK_CAPTURE_AUTORELEASING = YES;
				CLANG_WARN_BOOL_CONVERSION = YES;
				CLANG_WARN_COMMA = YES;
				CLANG_WARN_CONSTANT_CONVERSION = YES;
				CLANG_WARN_DEPRECATED_OBJC_IMPLEMENTATIONS = YES;
				CLANG_WARN_DIRECT_OBJC_ISA_USAGE = YES_ERROR;
				CLANG_WARN_DOCUMENTATION_COMMENTS = YES;
				CLANG_WARN_EMPTY_BODY = YES;
				CLANG_WARN_ENUM_CONVERSION = YES;
				CLANG_WARN_INFINITE_RECURSION = YES;
				CLANG_WARN_INT_CONVERSION = YES;
				CLANG_WARN_NON_LITERAL_NULL_CONVERSION = YES;
				CLANG_WARN_OBJC_IMPLICIT_RETAIN_SELF = YES;
				CLANG_WARN_OBJC_LITERAL_CONVERSION = YES;
				CLANG_WARN_OBJC_ROOT_CLASS = YES_ERROR;
				CLANG_WARN_RANGE_LOOP_ANALYSIS = YES;
				CLANG_WARN_STRICT_PROTOTYPES = YES;
				CLANG_WARN_SUSPICIOUS_MOVE = YES;
				CLANG_WARN_UNGUARDED_AVAILABILITY = YES_AGGRESSIVE;
				CLANG_WARN_UNREACHABLE_CODE = YES;
				CLANG_WARN__DUPLICATE_METHOD_MATCH = YES;
				CODE_SIGN_IDENTITY = "iPhone Developer";
				COPY_PHASE_STRIP = NO;
				DEBUG_INFORMATION_FORMAT = "dwarf-with-dsym";
				ENABLE_NS_ASSERTIONS = NO;
				ENABLE_STRICT_OBJC_MSGSEND = YES;
				GCC_C_LANGUAGE_STANDARD = gnu11;
				GCC_NO_COMMON_BLOCKS = YES;
				GCC_WARN_64_TO_32_BIT_CONVERSION = YES;
				GCC_WARN_ABOUT_RETURN_TYPE = YES_ERROR;
				GCC_WARN_UNDECLARED_SELECTOR = YES;
				GCC_WARN_UNINITIALIZED_AUTOS = YES_AGGRESSIVE;
				GCC_WARN_UNUSED_FUNCTION = YES;
				GCC_WARN_UNUSED_VARIABLE = YES;
				IPHONEOS_DEPLOYMENT_TARGET = 12.4;
				MTL_ENABLE_DEBUG_INFO = NO;
				MTL_FAST_MATH = YES;
				SDKROOT = iphoneos;
				SWIFT_COMPILATION_MODE = wholemodule;
				SWIFT_OPTIMIZATION_LEVEL = "-O";
				VALIDATE_PRODUCT = YES;
			};
			name = Release;
		};
		1973EC9522F76F1800B3F97D /* Debug */ = {
			isa = XCBuildConfiguration;
			baseConfigurationReference = F58C995D1B8FC6566B011D7F /* Pods-realtimechat.debug.xcconfig */;
			buildSettings = {
				ASSETCATALOG_COMPILER_APPICON_NAME = AppIcon;
				CODE_SIGN_STYLE = Manual;
				DEVELOPMENT_TEAM = "";
				INFOPLIST_FILE = realtimechat/Info.plist;
				LD_RUNPATH_SEARCH_PATHS = (
					"$(inherited)",
					"@executable_path/Frameworks",
				);
				PRODUCT_BUNDLE_IDENTIFIER = com.nidhin.realtimechat;
				PRODUCT_NAME = "$(TARGET_NAME)";
				PROVISIONING_PROFILE_SPECIFIER = "";
				SWIFT_VERSION = 5.0;
				TARGETED_DEVICE_FAMILY = "1,2";
			};
			name = Debug;
		};
		1973EC9622F76F1800B3F97D /* Release */ = {
			isa = XCBuildConfiguration;
			baseConfigurationReference = 863CF46DC1B8025ACDAE70D4 /* Pods-realtimechat.release.xcconfig */;
			buildSettings = {
				ASSETCATALOG_COMPILER_APPICON_NAME = AppIcon;
				CODE_SIGN_STYLE = Manual;
				DEVELOPMENT_TEAM = "";
				INFOPLIST_FILE = realtimechat/Info.plist;
				LD_RUNPATH_SEARCH_PATHS = (
					"$(inherited)",
					"@executable_path/Frameworks",
				);
				PRODUCT_BUNDLE_IDENTIFIER = com.nidhin.realtimechat;
				PRODUCT_NAME = "$(TARGET_NAME)";
				PROVISIONING_PROFILE_SPECIFIER = "";
				SWIFT_VERSION = 5.0;
				TARGETED_DEVICE_FAMILY = "1,2";
			};
			name = Release;
		};
/* End XCBuildConfiguration section */

/* Begin XCConfigurationList section */
		1973EC7D22F76F1500B3F97D /* Build configuration list for PBXProject "realtimechat" */ = {
			isa = XCConfigurationList;
			buildConfigurations = (
				1973EC9222F76F1800B3F97D /* Debug */,
				1973EC9322F76F1800B3F97D /* Release */,
			);
			defaultConfigurationIsVisible = 0;
			defaultConfigurationName = Release;
		};
		1973EC9422F76F1800B3F97D /* Build configuration list for PBXNativeTarget "realtimechat" */ = {
			isa = XCConfigurationList;
			buildConfigurations = (
				1973EC9522F76F1800B3F97D /* Debug */,
				1973EC9622F76F1800B3F97D /* Release */,
			);
			defaultConfigurationIsVisible = 0;
			defaultConfigurationName = Release;
		};
/* End XCConfigurationList section */
	};
	rootObject = 1973EC7A22F76F1500B3F97D /* Project object */;
}
